
Microsoft Visual Studio Solution File, Format Version 12.00
# Visual Studio Version 16
VisualStudioVersion = 16.0.31424.327
MinimumVisualStudioVersion = 10.0.40219.1
Project("{9A19103F-16F7-4668-BE54-9A1E7A4F7556}") = "EnglishTrainer", "EnglishTrainer\EnglishTrainer.csproj", "{EDEA8D06-BAB5-4897-A370-8F58E989FA67}"
EndProject
Global
	GlobalSection(SolutionConfigurationPlatforms) = preSolution
		Debug|Any CPU = Debug|Any CPU
		Release|Any CPU = Release|Any CPU
	EndGlobalSection
	GlobalSection(ProjectConfigurationPlatforms) = postSolution
		{EDEA8D06-BAB5-4897-A370-8F58E989FA67}.Debug|Any CPU.ActiveCfg = Debug|Any CPU
		{EDEA8D06-BAB5-4897-A370-8F58E989FA67}.Debug|Any CPU.Build.0 = Debug|Any CPU
		{EDEA8D06-BAB5-4897-A370-8F58E989FA67}.Release|Any CPU.ActiveCfg = Release|Any CPU
		{EDEA8D06-BAB5-4897-A370-8F58E989FA67}.Release|Any CPU.Build.0 = Release|Any CPU
	EndGlobalSection
	GlobalSection(SolutionProperties) = preSolution
		HideSolutionNode = FALSE
	EndGlobalSection
	GlobalSection(ExtensibilityGlobals) = postSolution
		SolutionGuid = {E5285BC5-6195-4722-9586-310D7D450B9B}
	EndGlobalSection
EndGlobal


